
Microsoft Visual Studio Solution File, Format Version 12.00
# Visual Studio Version 17
VisualStudioVersion = 17.3.32811.315
MinimumVisualStudioVersion = 10.0.40219.1
Project("{9A19103F-16F7-4668-BE54-9A1E7A4F7556}") = "testBlazor", "testBlazor\testBlazor.csproj", "{390DD05C-0941-4A08-989A-7D8F457D73F0}"
	ProjectSection(ProjectDependencies) = postProject
		{7AE91120-AA8B-4F18-981F-F9736BB39C65} = {7AE91120-AA8B-4F18-981F-F9736BB39C65}
	EndProjectSection
EndProject
Project("{9A19103F-16F7-4668-BE54-9A1E7A4F7556}") = "MobileBlazor", "MobileBlazor\MobileBlazor.csproj", "{7AE91120-AA8B-4F18-981F-F9736BB39C65}"
EndProject
Project("{9A19103F-16F7-4668-BE54-9A1E7A4F7556}") = "RazorClassLibrary1", "RazorClassLibrary1\RazorClassLibrary1.csproj", "{7C4936DA-D83F-4EE5-B179-E7BF5A16E89E}"
EndProject
Global
	GlobalSection(SolutionConfigurationPlatforms) = preSolution
		Debug|Any CPU = Debug|Any CPU
		Release|Any CPU = Release|Any CPU
	EndGlobalSection
	GlobalSection(ProjectConfigurationPlatforms) = postSolution
		{390DD05C-0941-4A08-989A-7D8F457D73F0}.Debug|Any CPU.ActiveCfg = Debug|Any CPU
		{390DD05C-0941-4A08-989A-7D8F457D73F0}.Debug|Any CPU.Build.0 = Debug|Any CPU
		{390DD05C-0941-4A08-989A-7D8F457D73F0}.Release|Any CPU.ActiveCfg = Release|Any CPU
		{390DD05C-0941-4A08-989A-7D8F457D73F0}.Release|Any CPU.Build.0 = Release|Any CPU
		{7AE91120-AA8B-4F18-981F-F9736BB39C65}.Debug|Any CPU.ActiveCfg = Debug|Any CPU
		{7AE91120-AA8B-4F18-981F-F9736BB39C65}.Debug|Any CPU.Build.0 = Debug|Any CPU
		{7AE91120-AA8B-4F18-981F-F9736BB39C65}.Debug|Any CPU.Deploy.0 = Debug|Any CPU
		{7AE91120-AA8B-4F18-981F-F9736BB39C65}.Release|Any CPU.ActiveCfg = Release|Any CPU
		{7AE91120-AA8B-4F18-981F-F9736BB39C65}.Release|Any CPU.Build.0 = Release|Any CPU
		{7AE91120-AA8B-4F18-981F-F9736BB39C65}.Release|Any CPU.Deploy.0 = Release|Any CPU
		{7C4936DA-D83F-4EE5-B179-E7BF5A16E89E}.Debug|Any CPU.ActiveCfg = Debug|Any CPU
		{7C4936DA-D83F-4EE5-B179-E7BF5A16E89E}.Debug|Any CPU.Build.0 = Debug|Any CPU
		{7C4936DA-D83F-4EE5-B179-E7BF5A16E89E}.Release|Any CPU.ActiveCfg = Release|Any CPU
		{7C4936DA-D83F-4EE5-B179-E7BF5A16E89E}.Release|Any CPU.Build.0 = Release|Any CPU
	EndGlobalSection
	GlobalSection(SolutionProperties) = preSolution
		HideSolutionNode = FALSE
	EndGlobalSection
	GlobalSection(ExtensibilityGlobals) = postSolution
		SolutionGuid = {335F6E25-13F0-4A08-A9A0-35B5AA05E82E}
	EndGlobalSection
EndGlobal
